{
  "name": "venky-shadowdom-test",
  "version": "0.0.1",
  "lockfileVersion": 2,
  "requires": true,
  "packages": {
    "": {
      "name": "venky-shadowdom-test",
      "version": "0.0.1",
      "license": "MIT",
      "dependencies": {
        "@stencil/core": "2.19.3"
      }
    },
    "node_modules/@stencil/core": {
      "version": "2.19.3",
      "resolved": "http://npm.verivox.ads:4873/@stencil%2fcore/-/core-2.19.3.tgz",
      "integrity": "sha512-rb6pBWTfD5xDg5M/uEJUeclatE/tqBE3zCCNrEB47AtdkNCzC9fOikdzCYbpdAEpU6GvC60REFr0bd8QFUjn3Q==",
      "license": "MIT",
      "bin": {
        "stencil": "bin/stencil"
      },
      "engines": {
        "node": ">=12.10.0",
        "npm": ">=6.0.0"
      }
    }
  },
  "dependencies": {
    "@stencil/core": {
      "version": "2.19.3",
      "resolved": "http://npm.verivox.ads:4873/@stencil%2fcore/-/core-2.19.3.tgz",
      "integrity": "sha512-rb6pBWTfD5xDg5M/uEJUeclatE/tqBE3zCCNrEB47AtdkNCzC9fOikdzCYbpdAEpU6GvC60REFr0bd8QFUjn3Q=="
    }
  }
}
