# THIS IS AN AUTOGENERATED FILE. DO NOT EDIT THIS FILE DIRECTLY.
# yarn lockfile v1


"@stencil/core@2.19.3":
  "integrity" "sha512-rb6pBWTfD5xDg5M/uEJUeclatE/tqBE3zCCNrEB47AtdkNCzC9fOikdzCYbpdAEpU6GvC60REFr0bd8QFUjn3Q=="
  "resolved" "http://npm.verivox.ads:4873/@stencil%2fcore/-/core-2.19.3.tgz"
  "version" "2.19.3"
